
Microsoft Visual Studio Solution File, Format Version 12.00
# Visual Studio 15
Project("{FAE04EC0-301F-11D3-BF4B-00C04F79EFBC}") = "Assembly-CSharp", "Assembly-CSharp.csproj", "{C3A00650-7ADD-AB3B-CD72-60D8A23AF22B}"
EndProject
Project("{FAE04EC0-301F-11D3-BF4B-00C04F79EFBC}") = "Assembly-CSharp-Editor", "Assembly-CSharp-Editor.csproj", "{B98CD4D1-A67F-A9F5-4CA2-B0AEAEA1ECA1}"
EndProject
Global
	GlobalSection(SolutionConfigurationPlatforms) = preSolution
		Debug|Any CPU = Debug|Any CPU
		Release|Any CPU = Release|Any CPU
	EndGlobalSection
	GlobalSection(ProjectConfigurationPlatforms) = postSolution
		{C3A00650-7ADD-AB3B-CD72-60D8A23AF22B}.Debug|Any CPU.ActiveCfg = Debug|Any CPU
		{C3A00650-7ADD-AB3B-CD72-60D8A23AF22B}.Debug|Any CPU.Build.0 = Debug|Any CPU
		{C3A00650-7ADD-AB3B-CD72-60D8A23AF22B}.Release|Any CPU.ActiveCfg = Release|Any CPU
		{C3A00650-7ADD-AB3B-CD72-60D8A23AF22B}.Release|Any CPU.Build.0 = Release|Any CPU
		{B98CD4D1-A67F-A9F5-4CA2-B0AEAEA1ECA1}.Debug|Any CPU.ActiveCfg = Debug|Any CPU
		{B98CD4D1-A67F-A9F5-4CA2-B0AEAEA1ECA1}.Debug|Any CPU.Build.0 = Debug|Any CPU
		{B98CD4D1-A67F-A9F5-4CA2-B0AEAEA1ECA1}.Release|Any CPU.ActiveCfg = Release|Any CPU
		{B98CD4D1-A67F-A9F5-4CA2-B0AEAEA1ECA1}.Release|Any CPU.Build.0 = Release|Any CPU
	EndGlobalSection
	GlobalSection(SolutionProperties) = preSolution
		HideSolutionNode = FALSE
	EndGlobalSection
EndGlobal
